// !$*UTF8*$!
{
	archiveVersion = 1;
	classes = {
	};
	objectVersion = 50;
	objects = {

/* Begin PBXBuildFile section */
		AA38620924C57EF100C16AAD /* AppDelegate.swift in Sources */ = {isa = PBXBuildFile; fileRef = AA38620824C57EF100C16AAD /* AppDelegate.swift */; };
		AA38620B24C57EF100C16AAD /* SceneDelegate.swift in Sources */ = {isa = PBXBuildFile; fileRef = AA38620A24C57EF100C16AAD /* SceneDelegate.swift */; };
		AA38620D24C57EF100C16AAD /* ContentView.swift in Sources */ = {isa = PBXBuildFile; fileRef = AA38620C24C57EF100C16AAD /* ContentView.swift */; };
		AA38620F24C57EF400C16AAD /* Assets.xcassets in Resources */ = {isa = PBXBuildFile; fileRef = AA38620E24C57EF400C16AAD /* Assets.xcassets */; };
		AA38621224C57EF400C16AAD /* Preview Assets.xcassets in Resources */ = {isa = PBXBuildFile; fileRef = AA38621124C57EF400C16AAD /* Preview Assets.xcassets */; };
		AA38621524C57EF400C16AAD /* LaunchScreen.storyboard in Resources */ = {isa = PBXBuildFile; fileRef = AA38621324C57EF400C16AAD /* LaunchScreen.storyboard */; };
		AA38622024C57EF500C16AAD /* TestTaskTests.swift in Sources */ = {isa = PBXBuildFile; fileRef = AA38621F24C57EF500C16AAD /* TestTaskTests.swift */; };
		AA53FD9E24C5C50300871231 /* Duration.swift in Sources */ = {isa = PBXBuildFile; fileRef = AA53FD9D24C5C50300871231 /* Duration.swift */; };
		AA53FDA024C5C53D00871231 /* DurationsViewModel.swift in Sources */ = {isa = PBXBuildFile; fileRef = AA53FD9F24C5C53D00871231 /* DurationsViewModel.swift */; };
		AA53FDA224C5C75800871231 /* DurationView.swift in Sources */ = {isa = PBXBuildFile; fileRef = AA53FDA124C5C75800871231 /* DurationView.swift */; };
		AA53FDA424C5CCA900871231 /* TimeInterval+.swift in Sources */ = {isa = PBXBuildFile; fileRef = AA53FDA324C5CCA900871231 /* TimeInterval+.swift */; };
		AA53FDA924C5CEC200871231 /* DurationViewModel.swift in Sources */ = {isa = PBXBuildFile; fileRef = AA53FDA824C5CEC200871231 /* DurationViewModel.swift */; };
		AA53FDAB24C5D6A500871231 /* MainViewModel.swift in Sources */ = {isa = PBXBuildFile; fileRef = AA53FDAA24C5D6A500871231 /* MainViewModel.swift */; };
		AA53FDAD24C71BED00871231 /* nature.m4a in Resources */ = {isa = PBXBuildFile; fileRef = AA53FDAC24C71BED00871231 /* nature.m4a */; };
		AA53FDAF24C7241300871231 /* AudioManager.swift in Sources */ = {isa = PBXBuildFile; fileRef = AA53FDAE24C7241300871231 /* AudioManager.swift */; };
/* End PBXBuildFile section */

/* Begin PBXContainerItemProxy section */
		AA38621C24C57EF500C16AAD /* PBXContainerItemProxy */ = {
			isa = PBXContainerItemProxy;
			containerPortal = AA3861FD24C57EF100C16AAD /* Project object */;
			proxyType = 1;
			remoteGlobalIDString = AA38620424C57EF100C16AAD;
			remoteInfo = TestTask;
		};
/* End PBXContainerItemProxy section */

/* Begin PBXFileReference section */
		AA38620524C57EF100C16AAD /* TestTask.app */ = {isa = PBXFileReference; explicitFileType = wrapper.application; includeInIndex = 0; path = TestTask.app; sourceTree = BUILT_PRODUCTS_DIR; };
		AA38620824C57EF100C16AAD /* AppDelegate.swift */ = {isa = PBXFileReference; lastKnownFileType = sourcecode.swift; path = AppDelegate.swift; sourceTree = "<group>"; };
		AA38620A24C57EF100C16AAD /* SceneDelegate.swift */ = {isa = PBXFileReference; lastKnownFileType = sourcecode.swift; path = SceneDelegate.swift; sourceTree = "<group>"; };
		AA38620C24C57EF100C16AAD /* ContentView.swift */ = {isa = PBXFileReference; lastKnownFileType = sourcecode.swift; path = ContentView.swift; sourceTree = "<group>"; };
		AA38620E24C57EF400C16AAD /* Assets.xcassets */ = {isa = PBXFileReference; lastKnownFileType = folder.assetcatalog; path = Assets.xcassets; sourceTree = "<group>"; };
		AA38621124C57EF400C16AAD /* Preview Assets.xcassets */ = {isa = PBXFileReference; lastKnownFileType = folder.assetcatalog; path = "Preview Assets.xcassets"; sourceTree = "<group>"; };
		AA38621424C57EF400C16AAD /* Base */ = {isa = PBXFileReference; lastKnownFileType = file.storyboard; name = Base; path = Base.lproj/LaunchScreen.storyboard; sourceTree = "<group>"; };
		AA38621624C57EF400C16AAD /* Info.plist */ = {isa = PBXFileReference; lastKnownFileType = text.plist.xml; path = Info.plist; sourceTree = "<group>"; };
		AA38621B24C57EF500C16AAD /* TestTaskTests.xctest */ = {isa = PBXFileReference; explicitFileType = wrapper.cfbundle; includeInIndex = 0; path = TestTaskTests.xctest; sourceTree = BUILT_PRODUCTS_DIR; };
		AA38621F24C57EF500C16AAD /* TestTaskTests.swift */ = {isa = PBXFileReference; lastKnownFileType = sourcecode.swift; path = TestTaskTests.swift; sourceTree = "<group>"; };
		AA38622124C57EF500C16AAD /* Info.plist */ = {isa = PBXFileReference; lastKnownFileType = text.plist.xml; path = Info.plist; sourceTree = "<group>"; };
		AA53FD9D24C5C50300871231 /* Duration.swift */ = {isa = PBXFileReference; lastKnownFileType = sourcecode.swift; path = Duration.swift; sourceTree = "<group>"; };
		AA53FD9F24C5C53D00871231 /* DurationsViewModel.swift */ = {isa = PBXFileReference; lastKnownFileType = sourcecode.swift; path = DurationsViewModel.swift; sourceTree = "<group>"; };
		AA53FDA124C5C75800871231 /* DurationView.swift */ = {isa = PBXFileReference; lastKnownFileType = sourcecode.swift; path = DurationView.swift; sourceTree = "<group>"; };
		AA53FDA324C5CCA900871231 /* TimeInterval+.swift */ = {isa = PBXFileReference; lastKnownFileType = sourcecode.swift; path = "TimeInterval+.swift"; sourceTree = "<group>"; };
		AA53FDA824C5CEC200871231 /* DurationViewModel.swift */ = {isa = PBXFileReference; lastKnownFileType = sourcecode.swift; path = DurationViewModel.swift; sourceTree = "<group>"; };
		AA53FDAA24C5D6A500871231 /* MainViewModel.swift */ = {isa = PBXFileReference; lastKnownFileType = sourcecode.swift; path = MainViewModel.swift; sourceTree = "<group>"; };
		AA53FDAC24C71BED00871231 /* nature.m4a */ = {isa = PBXFileReference; lastKnownFileType = file; path = nature.m4a; sourceTree = "<group>"; };
		AA53FDAE24C7241300871231 /* AudioManager.swift */ = {isa = PBXFileReference; lastKnownFileType = sourcecode.swift; path = AudioManager.swift; sourceTree = "<group>"; };
/* End PBXFileReference section */

/* Begin PBXFrameworksBuildPhase section */
		AA38620224C57EF100C16AAD /* Frameworks */ = {
			isa = PBXFrameworksBuildPhase;
			buildActionMask = 2147483647;
			files = (
			);
			runOnlyForDeploymentPostprocessing = 0;
		};
		AA38621824C57EF500C16AAD /* Frameworks */ = {
			isa = PBXFrameworksBuildPhase;
			buildActionMask = 2147483647;
			files = (
			);
			runOnlyForDeploymentPostprocessing = 0;
		};
/* End PBXFrameworksBuildPhase section */

/* Begin PBXGroup section */
		AA3861FC24C57EF100C16AAD = {
			isa = PBXGroup;
			children = (
				AA38620724C57EF100C16AAD /* TestTask */,
				AA38621E24C57EF500C16AAD /* TestTaskTests */,
				AA38620624C57EF100C16AAD /* Products */,
			);
			sourceTree = "<group>";
		};
		AA38620624C57EF100C16AAD /* Products */ = {
			isa = PBXGroup;
			children = (
				AA38620524C57EF100C16AAD /* TestTask.app */,
				AA38621B24C57EF500C16AAD /* TestTaskTests.xctest */,
			);
			name = Products;
			sourceTree = "<group>";
		};
		AA38620724C57EF100C16AAD /* TestTask */ = {
			isa = PBXGroup;
			children = (
				AA53FD9C24C5C4ED00871231 /* DurationSelector */,
				AA38620824C57EF100C16AAD /* AppDelegate.swift */,
				AA38620C24C57EF100C16AAD /* ContentView.swift */,
				AA53FDAA24C5D6A500871231 /* MainViewModel.swift */,
				AA53FDAE24C7241300871231 /* AudioManager.swift */,
				AA38620A24C57EF100C16AAD /* SceneDelegate.swift */,
				AA53FDA324C5CCA900871231 /* TimeInterval+.swift */,
				AA53FDAC24C71BED00871231 /* nature.m4a */,
				AA38620E24C57EF400C16AAD /* Assets.xcassets */,
				AA38621324C57EF400C16AAD /* LaunchScreen.storyboard */,
				AA38621624C57EF400C16AAD /* Info.plist */,
				AA38621024C57EF400C16AAD /* Preview Content */,
			);
			path = TestTask;
			sourceTree = "<group>";
		};
		AA38621024C57EF400C16AAD /* Preview Content */ = {
			isa = PBXGroup;
			children = (
				AA38621124C57EF400C16AAD /* Preview Assets.xcassets */,
			);
			path = "Preview Content";
			sourceTree = "<group>";
		};
		AA38621E24C57EF500C16AAD /* TestTaskTests */ = {
			isa = PBXGroup;
			children = (
				AA38621F24C57EF500C16AAD /* TestTaskTests.swift */,
				AA38622124C57EF500C16AAD /* Info.plist */,
			);
			path = TestTaskTests;
			sourceTree = "<group>";
		};
		AA53FD9C24C5C4ED00871231 /* DurationSelector */ = {
			isa = PBXGroup;
			children = (
				AA53FD9D24C5C50300871231 /* Duration.swift */,
				AA53FDA124C5C75800871231 /* DurationView.swift */,
				AA53FD9F24C5C53D00871231 /* DurationsViewModel.swift */,
				AA53FDA824C5CEC200871231 /* DurationViewModel.swift */,
			);
			path = DurationSelector;
			sourceTree = "<group>";
		};
/* End PBXGroup section */

/* Begin PBXNativeTarget section */
		AA38620424C57EF100C16AAD /* TestTask */ = {
			isa = PBXNativeTarget;
			buildConfigurationList = AA38622424C57EF500C16AAD /* Build configuration list for PBXNativeTarget "TestTask" */;
			buildPhases = (
				AA38620124C57EF100C16AAD /* Sources */,
				AA38620224C57EF100C16AAD /* Frameworks */,
				AA38620324C57EF100C16AAD /* Resources */,
			);
			buildRules = (
			);
			dependencies = (
			);
			name = TestTask;
			productName = TestTask;
			productReference = AA38620524C57EF100C16AAD /* TestTask.app */;
			productType = "com.apple.product-type.application";
		};
		AA38621A24C57EF500C16AAD /* TestTaskTests */ = {
			isa = PBXNativeTarget;
			buildConfigurationList = AA38622724C57EF500C16AAD /* Build configuration list for PBXNativeTarget "TestTaskTests" */;
			buildPhases = (
				AA38621724C57EF500C16AAD /* Sources */,
				AA38621824C57EF500C16AAD /* Frameworks */,
				AA38621924C57EF500C16AAD /* Resources */,
			);
			buildRules = (
			);
			dependencies = (
				AA38621D24C57EF500C16AAD /* PBXTargetDependency */,
			);
			name = TestTaskTests;
			productName = TestTaskTests;
			productReference = AA38621B24C57EF500C16AAD /* TestTaskTests.xctest */;
			productType = "com.apple.product-type.bundle.unit-test";
		};
/* End PBXNativeTarget section */

/* Begin PBXProject section */
		AA3861FD24C57EF100C16AAD /* Project object */ = {
			isa = PBXProject;
			attributes = {
				LastSwiftUpdateCheck = 1150;
				LastUpgradeCheck = 1150;
				ORGANIZATIONNAME = "Igor D";
				TargetAttributes = {
					AA38620424C57EF100C16AAD = {
						CreatedOnToolsVersion = 11.5;
					};
					AA38621A24C57EF500C16AAD = {
						CreatedOnToolsVersion = 11.5;
						TestTargetID = AA38620424C57EF100C16AAD;
					};
				};
			};
			buildConfigurationList = AA38620024C57EF100C16AAD /* Build configuration list for PBXProject "TestTask" */;
			compatibilityVersion = "Xcode 9.3";
			developmentRegion = en;
			hasScannedForEncodings = 0;
			knownRegions = (
				en,
				Base,
			);
			mainGroup = AA3861FC24C57EF100C16AAD;
			productRefGroup = AA38620624C57EF100C16AAD /* Products */;
			projectDirPath = "";
			projectRoot = "";
			targets = (
				AA38620424C57EF100C16AAD /* TestTask */,
				AA38621A24C57EF500C16AAD /* TestTaskTests */,
			);
		};
/* End PBXProject section */

/* Begin PBXResourcesBuildPhase section */
		AA38620324C57EF100C16AAD /* Resources */ = {
			isa = PBXResourcesBuildPhase;
			buildActionMask = 2147483647;
			files = (
				AA38621524C57EF400C16AAD /* LaunchScreen.storyboard in Resources */,
				AA53FDAD24C71BED00871231 /* nature.m4a in Resources */,
				AA38621224C57EF400C16AAD /* Preview Assets.xcassets in Resources */,
				AA38620F24C57EF400C16AAD /* Assets.xcassets in Resources */,
			);
			runOnlyForDeploymentPostprocessing = 0;
		};
		AA38621924C57EF500C16AAD /* Resources */ = {
			isa = PBXResourcesBuildPhase;
			buildActionMask = 2147483647;
			files = (
			);
			runOnlyForDeploymentPostprocessing = 0;
		};
/* End PBXResourcesBuildPhase section */

/* Begin PBXSourcesBuildPhase section */
		AA38620124C57EF100C16AAD /* Sources */ = {
			isa = PBXSourcesBuildPhase;
			buildActionMask = 2147483647;
			files = (
				AA53FDAB24C5D6A500871231 /* MainViewModel.swift in Sources */,
				AA53FDA924C5CEC200871231 /* DurationViewModel.swift in Sources */,
				AA38620924C57EF100C16AAD /* AppDelegate.swift in Sources */,
				AA53FD9E24C5C50300871231 /* Duration.swift in Sources */,
				AA53FDA424C5CCA900871231 /* TimeInterval+.swift in Sources */,
				AA38620B24C57EF100C16AAD /* SceneDelegate.swift in Sources */,
				AA38620D24C57EF100C16AAD /* ContentView.swift in Sources */,
				AA53FDA224C5C75800871231 /* DurationView.swift in Sources */,
				AA53FDAF24C7241300871231 /* AudioManager.swift in Sources */,
				AA53FDA024C5C53D00871231 /* DurationsViewModel.swift in Sources */,
			);
			runOnlyForDeploymentPostprocessing = 0;
		};
		AA38621724C57EF500C16AAD /* Sources */ = {
			isa = PBXSourcesBuildPhase;
			buildActionMask = 2147483647;
			files = (
				AA38622024C57EF500C16AAD /* TestTaskTests.swift in Sources */,
			);
			runOnlyForDeploymentPostprocessing = 0;
		};
/* End PBXSourcesBuildPhase section */

/* Begin PBXTargetDependency section */
		AA38621D24C57EF500C16AAD /* PBXTargetDependency */ = {
			isa = PBXTargetDependency;
			target = AA38620424C57EF100C16AAD /* TestTask */;
			targetProxy = AA38621C24C57EF500C16AAD /* PBXContainerItemProxy */;
		};
/* End PBXTargetDependency section */

/* Begin PBXVariantGroup section */
		AA38621324C57EF400C16AAD /* LaunchScreen.storyboard */ = {
			isa = PBXVariantGroup;
			children = (
				AA38621424C57EF400C16AAD /* Base */,
			);
			name = LaunchScreen.storyboard;
			sourceTree = "<group>";
		};
/* End PBXVariantGroup section */

/* Begin XCBuildConfiguration section */
		AA38622224C57EF500C16AAD /* Debug */ = {
			isa = XCBuildConfiguration;
			buildSettings = {
				ALWAYS_SEARCH_USER_PATHS = NO;
				CLANG_ANALYZER_NONNULL = YES;
				CLANG_ANALYZER_NUMBER_OBJECT_CONVERSION = YES_AGGRESSIVE;
				CLANG_CXX_LANGUAGE_STANDARD = "gnu++14";
				CLANG_CXX_LIBRARY = "libc++";
				CLANG_ENABLE_MODULES = YES;
				CLANG_ENABLE_OBJC_ARC = YES;
				CLANG_ENABLE_OBJC_WEAK = YES;
				CLANG_WARN_BLOCK_CAPTURE_AUTORELEASING = YES;
				CLANG_WARN_BOOL_CONVERSION = YES;
				CLANG_WARN_COMMA = YES;
				CLANG_WARN_CONSTANT_CONVERSION = YES;
				CLANG_WARN_DEPRECATED_OBJC_IMPLEMENTATIONS = YES;
				CLANG_WARN_DIRECT_OBJC_ISA_USAGE = YES_ERROR;
				CLANG_WARN_DOCUMENTATION_COMMENTS = YES;
				CLANG_WARN_EMPTY_BODY = YES;
				CLANG_WARN_ENUM_CONVERSION = YES;
				CLANG_WARN_INFINITE_RECURSION = YES;
				CLANG_WARN_INT_CONVERSION = YES;
				CLANG_WARN_NON_LITERAL_NULL_CONVERSION = YES;
				CLANG_WARN_OBJC_IMPLICIT_RETAIN_SELF = YES;
				CLANG_WARN_OBJC_LITERAL_CONVERSION = YES;
				CLANG_WARN_OBJC_ROOT_CLASS = YES_ERROR;
				CLANG_WARN_RANGE_LOOP_ANALYSIS = YES;
				CLANG_WARN_STRICT_PROTOTYPES = YES;
				CLANG_WARN_SUSPICIOUS_MOVE = YES;
				CLANG_WARN_UNGUARDED_AVAILABILITY = YES_AGGRESSIVE;
				CLANG_WARN_UNREACHABLE_CODE = YES;
				CLANG_WARN__DUPLICATE_METHOD_MATCH = YES;
				COPY_PHASE_STRIP = NO;
				DEBUG_INFORMATION_FORMAT = dwarf;
				ENABLE_STRICT_OBJC_MSGSEND = YES;
				ENABLE_TESTABILITY = YES;
				GCC_C_LANGUAGE_STANDARD = gnu11;
				GCC_DYNAMIC_NO_PIC = NO;
				GCC_NO_COMMON_BLOCKS = YES;
				GCC_OPTIMIZATION_LEVEL = 0;
				GCC_PREPROCESSOR_DEFINITIONS = (
					"DEBUG=1",
					"$(inherited)",
				);
				GCC_WARN_64_TO_32_BIT_CONVERSION = YES;
				GCC_WARN_ABOUT_RETURN_TYPE = YES_ERROR;
				GCC_WARN_UNDECLARED_SELECTOR = YES;
				GCC_WARN_UNINITIALIZED_AUTOS = YES_AGGRESSIVE;
				GCC_WARN_UNUSED_FUNCTION = YES;
				GCC_WARN_UNUSED_VARIABLE = YES;
				IPHONEOS_DEPLOYMENT_TARGET = 13.5;
				MTL_ENABLE_DEBUG_INFO = INCLUDE_SOURCE;
				MTL_FAST_MATH = YES;
				ONLY_ACTIVE_ARCH = YES;
				SDKROOT = iphoneos;
				SWIFT_ACTIVE_COMPILATION_CONDITIONS = DEBUG;
				SWIFT_OPTIMIZATION_LEVEL = "-Onone";
			};
			name = Debug;
		};
		AA38622324C57EF500C16AAD /* Release */ = {
			isa = XCBuildConfiguration;
			buildSettings = {
				ALWAYS_SEARCH_USER_PATHS = NO;
				CLANG_ANALYZER_NONNULL = YES;
				CLANG_ANALYZER_NUMBER_OBJECT_CONVERSION = YES_AGGRESSIVE;
				CLANG_CXX_LANGUAGE_STANDARD = "gnu++14";
				CLANG_CXX_LIBRARY = "libc++";
				CLANG_ENABLE_MODULES = YES;
				CLANG_ENABLE_OBJC_ARC = YES;
				CLANG_ENABLE_OBJC_WEAK = YES;
				CLANG_WARN_BLOCK_CAPTURE_AUTORELEASING = YES;
				CLANG_WARN_BOOL_CONVERSION = YES;
				CLANG_WARN_COMMA = YES;
				CLANG_WARN_CONSTANT_CONVERSION = YES;
				CLANG_WARN_DEPRECATED_OBJC_IMPLEMENTATIONS = YES;
				CLANG_WARN_DIRECT_OBJC_ISA_USAGE = YES_ERROR;
				CLANG_WARN_DOCUMENTATION_COMMENTS = YES;
				CLANG_WARN_EMPTY_BODY = YES;
				CLANG_WARN_ENUM_CONVERSION = YES;
				CLANG_WARN_INFINITE_RECURSION = YES;
				CLANG_WARN_INT_CONVERSION = YES;
				CLANG_WARN_NON_LITERAL_NULL_CONVERSION = YES;
				CLANG_WARN_OBJC_IMPLICIT_RETAIN_SELF = YES;
				CLANG_WARN_OBJC_LITERAL_CONVERSION = YES;
				CLANG_WARN_OBJC_ROOT_CLASS = YES_ERROR;
				CLANG_WARN_RANGE_LOOP_ANALYSIS = YES;
				CLANG_WARN_STRICT_PROTOTYPES = YES;
				CLANG_WARN_SUSPICIOUS_MOVE = YES;
				CLANG_WARN_UNGUARDED_AVAILABILITY = YES_AGGRESSIVE;
				CLANG_WARN_UNREACHABLE_CODE = YES;
				CLANG_WARN__DUPLICATE_METHOD_MATCH = YES;
				COPY_PHASE_STRIP = NO;
				DEBUG_INFORMATION_FORMAT = "dwarf-with-dsym";
				ENABLE_NS_ASSERTIONS = NO;
				ENABLE_STRICT_OBJC_MSGSEND = YES;
				GCC_C_LANGUAGE_STANDARD = gnu11;
				GCC_NO_COMMON_BLOCKS = YES;
				GCC_WARN_64_TO_32_BIT_CONVERSION = YES;
				GCC_WARN_ABOUT_RETURN_TYPE = YES_ERROR;
				GCC_WARN_UNDECLARED_SELECTOR = YES;
				GCC_WARN_UNINITIALIZED_AUTOS = YES_AGGRESSIVE;
				GCC_WARN_UNUSED_FUNCTION = YES;
				GCC_WARN_UNUSED_VARIABLE = YES;
				IPHONEOS_DEPLOYMENT_TARGET = 13.5;
				MTL_ENABLE_DEBUG_INFO = NO;
				MTL_FAST_MATH = YES;
				SDKROOT = iphoneos;
				SWIFT_COMPILATION_MODE = wholemodule;
				SWIFT_OPTIMIZATION_LEVEL = "-O";
				VALIDATE_PRODUCT = YES;
			};
			name = Release;
		};
		AA38622524C57EF500C16AAD /* Debug */ = {
			isa = XCBuildConfiguration;
			buildSettings = {
				ASSETCATALOG_COMPILER_APPICON_NAME = AppIcon;
				CODE_SIGN_STYLE = Automatic;
				DEVELOPMENT_ASSET_PATHS = "\"TestTask/Preview Content\"";
				DEVELOPMENT_TEAM = RJBKWPCQW8;
				ENABLE_PREVIEWS = YES;
				INFOPLIST_FILE = TestTask/Info.plist;
				LD_RUNPATH_SEARCH_PATHS = (
					"$(inherited)",
					"@executable_path/Frameworks",
				);
				PRODUCT_BUNDLE_IDENTIFIER = com.id.genesis.TestTask;
				PRODUCT_NAME = "$(TARGET_NAME)";
				SWIFT_VERSION = 5.0;
				TARGETED_DEVICE_FAMILY = "1,2";
			};
			name = Debug;
		};
		AA38622624C57EF500C16AAD /* Release */ = {
			isa = XCBuildConfiguration;
			buildSettings = {
				ASSETCATALOG_COMPILER_APPICON_NAME = AppIcon;
				CODE_SIGN_STYLE = Automatic;
				DEVELOPMENT_ASSET_PATHS = "\"TestTask/Preview Content\"";
				DEVELOPMENT_TEAM = RJBKWPCQW8;
				ENABLE_PREVIEWS = YES;
				INFOPLIST_FILE = TestTask/Info.plist;
				LD_RUNPATH_SEARCH_PATHS = (
					"$(inherited)",
					"@executable_path/Frameworks",
				);
				PRODUCT_BUNDLE_IDENTIFIER = com.id.genesis.TestTask;
				PRODUCT_NAME = "$(TARGET_NAME)";
				SWIFT_VERSION = 5.0;
				TARGETED_DEVICE_FAMILY = "1,2";
			};
			name = Release;
		};
		AA38622824C57EF500C16AAD /* Debug */ = {
			isa = XCBuildConfiguration;
			buildSettings = {
				ALWAYS_EMBED_SWIFT_STANDARD_LIBRARIES = YES;
				BUNDLE_LOADER = "$(TEST_HOST)";
				CODE_SIGN_STYLE = Automatic;
				INFOPLIST_FILE = TestTaskTests/Info.plist;
				IPHONEOS_DEPLOYMENT_TARGET = 13.5;
				LD_RUNPATH_SEARCH_PATHS = (
					"$(inherited)",
					"@executable_path/Frameworks",
					"@loader_path/Frameworks",
				);
				PRODUCT_BUNDLE_IDENTIFIER = com.id.genesis.TestTaskTests;
				PRODUCT_NAME = "$(TARGET_NAME)";
				SWIFT_VERSION = 5.0;
				TARGETED_DEVICE_FAMILY = "1,2";
				TEST_HOST = "$(BUILT_PRODUCTS_DIR)/TestTask.app/TestTask";
			};
			name = Debug;
		};
		AA38622924C57EF500C16AAD /* Release */ = {
			isa = XCBuildConfiguration;
			buildSettings = {
				ALWAYS_EMBED_SWIFT_STANDARD_LIBRARIES = YES;
				BUNDLE_LOADER = "$(TEST_HOST)";
				CODE_SIGN_STYLE = Automatic;
				INFOPLIST_FILE = TestTaskTests/Info.plist;
				IPHONEOS_DEPLOYMENT_TARGET = 13.5;
				LD_RUNPATH_SEARCH_PATHS = (
					"$(inherited)",
					"@executable_path/Frameworks",
					"@loader_path/Frameworks",
				);
				PRODUCT_BUNDLE_IDENTIFIER = com.id.genesis.TestTaskTests;
				PRODUCT_NAME = "$(TARGET_NAME)";
				SWIFT_VERSION = 5.0;
				TARGETED_DEVICE_FAMILY = "1,2";
				TEST_HOST = "$(BUILT_PRODUCTS_DIR)/TestTask.app/TestTask";
			};
			name = Release;
		};
/* End XCBuildConfiguration section */

/* Begin XCConfigurationList section */
		AA38620024C57EF100C16AAD /* Build configuration list for PBXProject "TestTask" */ = {
			isa = XCConfigurationList;
			buildConfigurations = (
				AA38622224C57EF500C16AAD /* Debug */,
				AA38622324C57EF500C16AAD /* Release */,
			);
			defaultConfigurationIsVisible = 0;
			defaultConfigurationName = Release;
		};
		AA38622424C57EF500C16AAD /* Build configuration list for PBXNativeTarget "TestTask" */ = {
			isa = XCConfigurationList;
			buildConfigurations = (
				AA38622524C57EF500C16AAD /* Debug */,
				AA38622624C57EF500C16AAD /* Release */,
			);
			defaultConfigurationIsVisible = 0;
			defaultConfigurationName = Release;
		};
		AA38622724C57EF500C16AAD /* Build configuration list for PBXNativeTarget "TestTaskTests" */ = {
			isa = XCConfigurationList;
			buildConfigurations = (
				AA38622824C57EF500C16AAD /* Debug */,
				AA38622924C57EF500C16AAD /* Release */,
			);
			defaultConfigurationIsVisible = 0;
			defaultConfigurationName = Release;
		};
/* End XCConfigurationList section */
	};
	rootObject = AA3861FD24C57EF100C16AAD /* Project object */;
}
